
Microsoft Visual Studio Solution File, Format Version 12.00
# Visual Studio Version 16
VisualStudioVersion = 16.0.28803.202
MinimumVisualStudioVersion = 10.0.40219.1
Project("{9A19103F-16F7-4668-BE54-9A1E7A4F7556}") = "cscs", "cscs.exe.core\cscs.csproj", "{20E064E3-541A-421E-8DDA-5416C19A881A}"
EndProject
Project("{FAE04EC0-301F-11D3-BF4B-00C04F79EFBC}") = "css (win launcher)", "css\css (win launcher).csproj", "{A8755B0E-EE1D-4CC0-9C58-A7ABB0EFAE3C}"
	ProjectSection(ProjectDependencies) = postProject
		{20E064E3-541A-421E-8DDA-5416C19A881A} = {20E064E3-541A-421E-8DDA-5416C19A881A}
	EndProjectSection
EndProject
Project("{9A19103F-16F7-4668-BE54-9A1E7A4F7556}") = "Tests", "cscs.tests\Tests.csproj", "{764F5D84-9776-400F-9BD0-8CE147A20CEB}"
EndProject
Project("{9A19103F-16F7-4668-BE54-9A1E7A4F7556}") = "CSScriptLib", "CSScriptLib\src\CSScriptLib\CSScriptLib.csproj", "{55C76AC3-5FD6-4974-AF40-E4966126D09F}"
EndProject
Global
	GlobalSection(SolutionConfigurationPlatforms) = preSolution
		Debug|Any CPU = Debug|Any CPU
		Release|Any CPU = Release|Any CPU
	EndGlobalSection
	GlobalSection(ProjectConfigurationPlatforms) = postSolution
		{20E064E3-541A-421E-8DDA-5416C19A881A}.Debug|Any CPU.ActiveCfg = Debug|Any CPU
		{20E064E3-541A-421E-8DDA-5416C19A881A}.Debug|Any CPU.Build.0 = Debug|Any CPU
		{20E064E3-541A-421E-8DDA-5416C19A881A}.Release|Any CPU.ActiveCfg = Release|Any CPU
		{20E064E3-541A-421E-8DDA-5416C19A881A}.Release|Any CPU.Build.0 = Release|Any CPU
		{A8755B0E-EE1D-4CC0-9C58-A7ABB0EFAE3C}.Debug|Any CPU.ActiveCfg = Debug|Any CPU
		{A8755B0E-EE1D-4CC0-9C58-A7ABB0EFAE3C}.Debug|Any CPU.Build.0 = Debug|Any CPU
		{A8755B0E-EE1D-4CC0-9C58-A7ABB0EFAE3C}.Release|Any CPU.ActiveCfg = Release|Any CPU
		{A8755B0E-EE1D-4CC0-9C58-A7ABB0EFAE3C}.Release|Any CPU.Build.0 = Release|Any CPU
		{764F5D84-9776-400F-9BD0-8CE147A20CEB}.Debug|Any CPU.ActiveCfg = Debug|Any CPU
		{764F5D84-9776-400F-9BD0-8CE147A20CEB}.Debug|Any CPU.Build.0 = Debug|Any CPU
		{764F5D84-9776-400F-9BD0-8CE147A20CEB}.Release|Any CPU.ActiveCfg = Release|Any CPU
		{764F5D84-9776-400F-9BD0-8CE147A20CEB}.Release|Any CPU.Build.0 = Release|Any CPU
		{55C76AC3-5FD6-4974-AF40-E4966126D09F}.Debug|Any CPU.ActiveCfg = Debug|Any CPU
		{55C76AC3-5FD6-4974-AF40-E4966126D09F}.Debug|Any CPU.Build.0 = Debug|Any CPU
		{55C76AC3-5FD6-4974-AF40-E4966126D09F}.Release|Any CPU.ActiveCfg = Release|Any CPU
		{55C76AC3-5FD6-4974-AF40-E4966126D09F}.Release|Any CPU.Build.0 = Release|Any CPU
	EndGlobalSection
	GlobalSection(SolutionProperties) = preSolution
		HideSolutionNode = FALSE
	EndGlobalSection
	GlobalSection(ExtensibilityGlobals) = postSolution
		SolutionGuid = {10FFEE83-12D5-4B24-8AAF-CAF6DDCDD953}
	EndGlobalSection
EndGlobal
